{
  "version": 4,
  "terraform_version": "1.4.6",
  "serial": 13,
  "lineage": "1bcbb877-17a6-9bea-0cc5-b6ec28de5652",
  "outputs": {
    "webapp_ips": {
      "value": "20.31.203.0,20.31.203.17,20.31.203.53,20.31.203.117,20.31.203.209,20.31.203.220,20.13.114.10,20.13.114.43,20.23.170.34,20.13.117.117,20.13.117.136,20.13.117.186,20.105.216.33",
      "type": "string"
    },
    "webapp_url": {
      "value": "music-app-20155.azurewebsites.net",
      "type": "string"
    }
  },
  "resources": [
    {
      "mode": "managed",
      "type": "azurerm_app_service_source_control",
      "name": "appgit",
      "provider": "provider[\"registry.terraform.io/hashicorp/azurerm\"]",
      "instances": [
        {
          "schema_version": 0,
          "attributes": {
            "app_id": "/subscriptions/0bc872df-d856-4810-8903-56c78fc92fb6/resourceGroups/MusicRG20155/providers/Microsoft.Web/sites/music-app-20155",
            "branch": "main",
            "github_action_configuration": [],
            "id": "/subscriptions/0bc872df-d856-4810-8903-56c78fc92fb6/resourceGroups/MusicRG20155/providers/Microsoft.Web/sites/music-app-20155",
            "repo_url": "https://github.com/Antonio0512/Task-Board",
            "rollback_enabled": false,
            "scm_type": "ExternalGit",
            "timeouts": null,
            "use_local_git": false,
            "use_manual_integration": true,
            "use_mercurial": false,
            "uses_github_action": false
          },
          "sensitive_attributes": [],
          "private": "eyJlMmJmYjczMC1lY2FhLTExZTYtOGY4OC0zNDM2M2JjN2M0YzAiOnsiY3JlYXRlIjoxODAwMDAwMDAwMDAwLCJkZWxldGUiOjE4MDAwMDAwMDAwMDAsInJlYWQiOjMwMDAwMDAwMDAwMH19",
          "dependencies": [
            "azurerm_linux_web_app.appservice",
            "azurerm_postgresql_database.postgresdb",
            "azurerm_postgresql_server.postgresserver",
            "azurerm_resource_group.rg",
            "azurerm_service_plan.appserviceplan",
            "random_integer.ri"
          ]
        }
      ]
    },
    {
      "mode": "managed",
      "type": "azurerm_linux_web_app",
      "name": "appservice",
      "provider": "provider[\"registry.terraform.io/hashicorp/azurerm\"]",
      "instances": [
        {
          "schema_version": 0,
          "attributes": {
            "app_settings": null,
            "auth_settings": [],
            "auth_settings_v2": [],
            "backup": [],
            "client_affinity_enabled": false,
            "client_certificate_enabled": false,
            "client_certificate_exclusion_paths": "",
            "client_certificate_mode": "Required",
            "connection_string": [
              {
                "name": "DefaultConnection",
                "type": "SQLAzure",
                "value": "\t  Host=music-postgres-20155.postgres.database.azure.com\r\n      Port=5432;\r\n      Database=MusicDB20155;\r\n      Username=MySecretAdmin\r\n      Password=MySecretPassword12#\r\n      SSL Mode=Require;\r\n"
              }
            ],
            "custom_domain_verification_id": "1AB75AB3925920FB4555F6EF0E17EB006267D38DF62D73CD7B6D4A6F5AEC5FED",
            "default_hostname": "music-app-20155.azurewebsites.net",
            "enabled": true,
            "hosting_environment_id": "",
            "https_only": false,
            "id": "/subscriptions/0bc872df-d856-4810-8903-56c78fc92fb6/resourceGroups/MusicRG20155/providers/Microsoft.Web/sites/music-app-20155",
            "identity": [],
            "key_vault_reference_identity_id": "SystemAssigned",
            "kind": "app,linux",
            "location": "westeurope",
            "logs": [],
            "name": "music-app-20155",
            "outbound_ip_address_list": [
              "20.31.203.0",
              "20.31.203.17",
              "20.31.203.53",
              "20.31.203.117",
              "20.31.203.209",
              "20.31.203.220",
              "20.13.114.10",
              "20.13.114.43",
              "20.23.170.34",
              "20.13.117.117",
              "20.13.117.136",
              "20.13.117.186",
              "20.105.216.33"
            ],
            "outbound_ip_addresses": "20.31.203.0,20.31.203.17,20.31.203.53,20.31.203.117,20.31.203.209,20.31.203.220,20.13.114.10,20.13.114.43,20.23.170.34,20.13.117.117,20.13.117.136,20.13.117.186,20.105.216.33",
            "possible_outbound_ip_address_list": [
              "20.31.203.0",
              "20.31.203.17",
              "20.31.203.53",
              "20.31.203.117",
              "20.31.203.209",
              "20.31.203.220",
              "20.13.114.10",
              "20.13.114.43",
              "20.23.170.34",
              "20.13.117.117",
              "20.13.117.136",
              "20.13.117.186",
              "20.13.117.215",
              "20.13.117.252",
              "20.13.118.3",
              "20.13.118.27",
              "20.13.118.34",
              "20.123.231.86",
              "20.123.231.222",
              "20.238.238.104",
              "20.238.238.109",
              "20.238.238.114",
              "20.238.238.120",
              "20.31.200.237",
              "20.31.203.0",
              "20.31.203.17",
              "20.31.203.53",
              "20.31.203.117",
              "20.31.203.209",
              "20.31.203.220",
              "20.31.203.239",
              "20.31.206.232",
              "20.31.207.0",
              "20.31.207.28",
              "20.31.207.143",
              "20.31.207.213",
              "20.105.216.33"
            ],
            "possible_outbound_ip_addresses": "20.31.203.0,20.31.203.17,20.31.203.53,20.31.203.117,20.31.203.209,20.31.203.220,20.13.114.10,20.13.114.43,20.23.170.34,20.13.117.117,20.13.117.136,20.13.117.186,20.13.117.215,20.13.117.252,20.13.118.3,20.13.118.27,20.13.118.34,20.123.231.86,20.123.231.222,20.238.238.104,20.238.238.109,20.238.238.114,20.238.238.120,20.31.200.237,20.31.203.0,20.31.203.17,20.31.203.53,20.31.203.117,20.31.203.209,20.31.203.220,20.31.203.239,20.31.206.232,20.31.207.0,20.31.207.28,20.31.207.143,20.31.207.213,20.105.216.33",
            "resource_group_name": "MusicRG20155",
            "service_plan_id": "/subscriptions/0bc872df-d856-4810-8903-56c78fc92fb6/resourceGroups/MusicRG20155/providers/Microsoft.Web/serverfarms/music-plan-20155",
            "site_config": [
              {
                "always_on": false,
                "api_definition_url": "",
                "api_management_api_id": "",
                "app_command_line": "",
                "application_stack": [
                  {
                    "docker_image": "",
                    "docker_image_tag": "",
                    "dotnet_version": "",
                    "go_version": "",
                    "java_server": "",
                    "java_server_version": "",
                    "java_version": "",
                    "node_version": "",
                    "php_version": "",
                    "python_version": "3.9",
                    "ruby_version": ""
                  }
                ],
                "auto_heal_enabled": false,
                "auto_heal_setting": [],
                "container_registry_managed_identity_client_id": "",
                "container_registry_use_managed_identity": false,
                "cors": [],
                "default_documents": [
                  "Default.htm",
                  "Default.html",
                  "Default.asp",
                  "index.htm",
                  "index.html",
                  "iisstart.htm",
                  "default.aspx",
                  "index.php",
                  "hostingstart.html"
                ],
                "detailed_error_logging_enabled": false,
                "ftps_state": "Disabled",
                "health_check_eviction_time_in_min": 0,
                "health_check_path": "",
                "http2_enabled": false,
                "ip_restriction": [],
                "linux_fx_version": "PYTHON|3.9",
                "load_balancing_mode": "LeastRequests",
                "local_mysql_enabled": false,
                "managed_pipeline_mode": "Integrated",
                "minimum_tls_version": "1.2",
                "remote_debugging_enabled": false,
                "remote_debugging_version": "VS2019",
                "scm_ip_restriction": [],
                "scm_minimum_tls_version": "1.2",
                "scm_type": "None",
                "scm_use_main_ip_restriction": false,
                "use_32_bit_worker": true,
                "vnet_route_all_enabled": false,
                "websockets_enabled": false,
                "worker_count": 1
              }
            ],
            "site_credential": [
              {
                "name": "$music-app-20155",
                "password": "fWKnM5eaLvEvSocfXEs3JhD5CEbsMWuakR9i0uQEoExe841PZfb04WMiso3P"
              }
            ],
            "sticky_settings": [],
            "storage_account": [],
            "tags": null,
            "timeouts": null,
            "virtual_network_subnet_id": "",
            "zip_deploy_file": ""
          },
          "sensitive_attributes": [
            [
              {
                "type": "get_attr",
                "value": "connection_string"
              }
            ]
          ],
          "private": "eyJlMmJmYjczMC1lY2FhLTExZTYtOGY4OC0zNDM2M2JjN2M0YzAiOnsiY3JlYXRlIjoxODAwMDAwMDAwMDAwLCJkZWxldGUiOjE4MDAwMDAwMDAwMDAsInJlYWQiOjMwMDAwMDAwMDAwMCwidXBkYXRlIjoxODAwMDAwMDAwMDAwfX0=",
          "dependencies": [
            "azurerm_postgresql_database.postgresdb",
            "azurerm_postgresql_server.postgresserver",
            "azurerm_resource_group.rg",
            "azurerm_service_plan.appserviceplan",
            "random_integer.ri"
          ]
        }
      ]
    },
    {
      "mode": "managed",
      "type": "azurerm_postgresql_database",
      "name": "postgresdb",
      "provider": "provider[\"registry.terraform.io/hashicorp/azurerm\"]",
      "instances": [
        {
          "schema_version": 1,
          "attributes": {
            "charset": "UTF8",
            "collation": "English_United States.1252",
            "id": "/subscriptions/0bc872df-d856-4810-8903-56c78fc92fb6/resourceGroups/MusicRG20155/providers/Microsoft.DBforPostgreSQL/servers/music-postgres-20155/databases/MusicDB20155",
            "name": "MusicDB20155",
            "resource_group_name": "MusicRG20155",
            "server_name": "music-postgres-20155",
            "timeouts": null
          },
          "sensitive_attributes": [],
          "private": "eyJlMmJmYjczMC1lY2FhLTExZTYtOGY4OC0zNDM2M2JjN2M0YzAiOnsiY3JlYXRlIjozNjAwMDAwMDAwMDAwLCJkZWxldGUiOjM2MDAwMDAwMDAwMDAsInJlYWQiOjMwMDAwMDAwMDAwMCwidXBkYXRlIjozNjAwMDAwMDAwMDAwfSwic2NoZW1hX3ZlcnNpb24iOiIxIn0=",
          "dependencies": [
            "azurerm_postgresql_server.postgresserver",
            "azurerm_resource_group.rg",
            "random_integer.ri"
          ]
        }
      ]
    },
    {
      "mode": "managed",
      "type": "azurerm_postgresql_firewall_rule",
      "name": "example",
      "provider": "provider[\"registry.terraform.io/hashicorp/azurerm\"]",
      "instances": [
        {
          "schema_version": 0,
          "attributes": {
            "end_ip_address": "0.0.0.0",
            "id": "/subscriptions/0bc872df-d856-4810-8903-56c78fc92fb6/resourceGroups/MusicRG20155/providers/Microsoft.DBforPostgreSQL/servers/music-postgres-20155/firewallRules/TaskBoardFirewallRule20155",
            "name": "TaskBoardFirewallRule20155",
            "resource_group_name": "MusicRG20155",
            "server_name": "music-postgres-20155",
            "start_ip_address": "0.0.0.0",
            "timeouts": null
          },
          "sensitive_attributes": [],
          "private": "eyJlMmJmYjczMC1lY2FhLTExZTYtOGY4OC0zNDM2M2JjN2M0YzAiOnsiY3JlYXRlIjoxODAwMDAwMDAwMDAwLCJkZWxldGUiOjE4MDAwMDAwMDAwMDAsInJlYWQiOjMwMDAwMDAwMDAwMCwidXBkYXRlIjoxODAwMDAwMDAwMDAwfX0=",
          "dependencies": [
            "azurerm_postgresql_server.postgresserver",
            "azurerm_resource_group.rg",
            "random_integer.ri"
          ]
        }
      ]
    },
    {
      "mode": "managed",
      "type": "azurerm_postgresql_server",
      "name": "postgresserver",
      "provider": "provider[\"registry.terraform.io/hashicorp/azurerm\"]",
      "instances": [
        {
          "schema_version": 1,
          "attributes": {
            "administrator_login": "MySecretAdmin",
            "administrator_login_password": "MySecretPassword12#",
            "auto_grow_enabled": true,
            "backup_retention_days": 7,
            "create_mode": "Default",
            "creation_source_server_id": null,
            "fqdn": "music-postgres-20155.postgres.database.azure.com",
            "geo_redundant_backup_enabled": false,
            "id": "/subscriptions/0bc872df-d856-4810-8903-56c78fc92fb6/resourceGroups/MusicRG20155/providers/Microsoft.DBforPostgreSQL/servers/music-postgres-20155",
            "identity": [],
            "infrastructure_encryption_enabled": false,
            "location": "westeurope",
            "name": "music-postgres-20155",
            "public_network_access_enabled": true,
            "resource_group_name": "MusicRG20155",
            "restore_point_in_time": null,
            "sku_name": "B_Gen5_2",
            "ssl_enforcement_enabled": true,
            "ssl_minimal_tls_version_enforced": "TLS1_2",
            "storage_mb": 5120,
            "tags": null,
            "threat_detection_policy": [],
            "timeouts": null,
            "version": "9.5"
          },
          "sensitive_attributes": [],
          "private": "eyJlMmJmYjczMC1lY2FhLTExZTYtOGY4OC0zNDM2M2JjN2M0YzAiOnsiY3JlYXRlIjozNjAwMDAwMDAwMDAwLCJkZWxldGUiOjM2MDAwMDAwMDAwMDAsInJlYWQiOjMwMDAwMDAwMDAwMCwidXBkYXRlIjozNjAwMDAwMDAwMDAwfSwic2NoZW1hX3ZlcnNpb24iOiIxIn0=",
          "dependencies": [
            "azurerm_resource_group.rg",
            "random_integer.ri"
          ]
        }
      ]
    },
    {
      "mode": "managed",
      "type": "azurerm_resource_group",
      "name": "rg",
      "provider": "provider[\"registry.terraform.io/hashicorp/azurerm\"]",
      "instances": [
        {
          "schema_version": 0,
          "attributes": {
            "id": "/subscriptions/0bc872df-d856-4810-8903-56c78fc92fb6/resourceGroups/MusicRG20155",
            "location": "westeurope",
            "name": "MusicRG20155",
            "tags": {},
            "timeouts": null
          },
          "sensitive_attributes": [],
          "private": "eyJlMmJmYjczMC1lY2FhLTExZTYtOGY4OC0zNDM2M2JjN2M0YzAiOnsiY3JlYXRlIjo1NDAwMDAwMDAwMDAwLCJkZWxldGUiOjU0MDAwMDAwMDAwMDAsInJlYWQiOjMwMDAwMDAwMDAwMCwidXBkYXRlIjo1NDAwMDAwMDAwMDAwfX0=",
          "dependencies": [
            "random_integer.ri"
          ]
        }
      ]
    },
    {
      "mode": "managed",
      "type": "azurerm_service_plan",
      "name": "appserviceplan",
      "provider": "provider[\"registry.terraform.io/hashicorp/azurerm\"]",
      "instances": [
        {
          "schema_version": 0,
          "attributes": {
            "app_service_environment_id": "",
            "id": "/subscriptions/0bc872df-d856-4810-8903-56c78fc92fb6/resourceGroups/MusicRG20155/providers/Microsoft.Web/serverfarms/music-plan-20155",
            "kind": "linux",
            "location": "westeurope",
            "maximum_elastic_worker_count": 1,
            "name": "music-plan-20155",
            "os_type": "Linux",
            "per_site_scaling_enabled": false,
            "reserved": true,
            "resource_group_name": "MusicRG20155",
            "sku_name": "F1",
            "tags": {},
            "timeouts": null,
            "worker_count": 1,
            "zone_balancing_enabled": false
          },
          "sensitive_attributes": [],
          "private": "eyJlMmJmYjczMC1lY2FhLTExZTYtOGY4OC0zNDM2M2JjN2M0YzAiOnsiY3JlYXRlIjozNjAwMDAwMDAwMDAwLCJkZWxldGUiOjM2MDAwMDAwMDAwMDAsInJlYWQiOjMwMDAwMDAwMDAwMCwidXBkYXRlIjozNjAwMDAwMDAwMDAwfX0=",
          "dependencies": [
            "azurerm_resource_group.rg",
            "random_integer.ri"
          ]
        }
      ]
    },
    {
      "mode": "managed",
      "type": "random_integer",
      "name": "ri",
      "provider": "provider[\"registry.terraform.io/hashicorp/random\"]",
      "instances": [
        {
          "schema_version": 0,
          "attributes": {
            "id": "20155",
            "keepers": null,
            "max": 99999,
            "min": 10000,
            "result": 20155,
            "seed": null
          },
          "sensitive_attributes": []
        }
      ]
    }
  ],
  "check_results": null
}
