{
  "version": 4,
  "terraform_version": "1.4.6",
  "serial": 9,
  "lineage": "f0ae2bbb-754f-844f-b532-d35b492dbed0",
  "outputs": {
    "webapp_ips": {
      "value": "20.126.164.125,20.126.165.11,20.126.165.47,20.126.165.110,20.126.165.124,20.126.165.132,20.105.232.14",
      "type": "string"
    },
    "webapp_url": {
      "value": "music-app-69601.azurewebsites.net",
      "type": "string"
    }
  },
  "resources": [
    {
      "mode": "managed",
      "type": "azurerm_app_service_source_control",
      "name": "appgit",
      "provider": "provider[\"registry.terraform.io/hashicorp/azurerm\"]",
      "instances": [
        {
          "schema_version": 0,
          "attributes": {
            "app_id": "/subscriptions/0bc872df-d856-4810-8903-56c78fc92fb6/resourceGroups/MusicRG69601/providers/Microsoft.Web/sites/music-app-69601",
            "branch": "main",
            "github_action_configuration": [],
            "id": "/subscriptions/0bc872df-d856-4810-8903-56c78fc92fb6/resourceGroups/MusicRG69601/providers/Microsoft.Web/sites/music-app-69601",
            "repo_url": "https://github.com/Antonio0512/full-stack-project.git",
            "rollback_enabled": false,
            "scm_type": "ExternalGit",
            "timeouts": null,
            "use_local_git": false,
            "use_manual_integration": true,
            "use_mercurial": false,
            "uses_github_action": false
          },
          "sensitive_attributes": [],
          "private": "eyJlMmJmYjczMC1lY2FhLTExZTYtOGY4OC0zNDM2M2JjN2M0YzAiOnsiY3JlYXRlIjoxODAwMDAwMDAwMDAwLCJkZWxldGUiOjE4MDAwMDAwMDAwMDAsInJlYWQiOjMwMDAwMDAwMDAwMH19",
          "dependencies": [
            "azurerm_linux_web_app.appservice",
            "azurerm_resource_group.rg",
            "azurerm_service_plan.appserviceplan",
            "random_integer.ri"
          ]
        }
      ]
    },
    {
      "mode": "managed",
      "type": "azurerm_linux_web_app",
      "name": "appservice",
      "provider": "provider[\"registry.terraform.io/hashicorp/azurerm\"]",
      "instances": [
        {
          "schema_version": 0,
          "attributes": {
            "app_settings": null,
            "auth_settings": [],
            "auth_settings_v2": [],
            "backup": [],
            "client_affinity_enabled": false,
            "client_certificate_enabled": false,
            "client_certificate_exclusion_paths": "",
            "client_certificate_mode": "Required",
            "connection_string": [
              {
                "name": "DefaultConnection",
                "type": "SQLAzure",
                "value": "\t  Host=db\r\n      Port=5432;\r\n      Database=music_db;\r\n      Username=toni;\r\n      Password=toni1234;\r\n      SSL Mode=Require;\r\n"
              }
            ],
            "custom_domain_verification_id": "1AB75AB3925920FB4555F6EF0E17EB006267D38DF62D73CD7B6D4A6F5AEC5FED",
            "default_hostname": "music-app-69601.azurewebsites.net",
            "enabled": true,
            "hosting_environment_id": "",
            "https_only": false,
            "id": "/subscriptions/0bc872df-d856-4810-8903-56c78fc92fb6/resourceGroups/MusicRG69601/providers/Microsoft.Web/sites/music-app-69601",
            "identity": [],
            "key_vault_reference_identity_id": "SystemAssigned",
            "kind": "app,linux",
            "location": "westeurope",
            "logs": [],
            "name": "music-app-69601",
            "outbound_ip_address_list": [
              "20.126.164.125",
              "20.126.165.11",
              "20.126.165.47",
              "20.126.165.110",
              "20.126.165.124",
              "20.126.165.132",
              "20.105.232.14"
            ],
            "outbound_ip_addresses": "20.126.164.125,20.126.165.11,20.126.165.47,20.126.165.110,20.126.165.124,20.126.165.132,20.105.232.14",
            "possible_outbound_ip_address_list": [
              "20.126.164.125",
              "20.126.165.11",
              "20.126.165.47",
              "20.126.165.110",
              "20.126.165.124",
              "20.126.165.132",
              "20.126.165.182",
              "20.126.165.203",
              "20.126.165.218",
              "20.126.165.227",
              "20.126.165.236",
              "20.126.165.247",
              "20.126.166.84",
              "20.126.166.94",
              "20.126.166.100",
              "20.126.166.161",
              "20.126.166.220",
              "20.126.167.0",
              "20.126.167.32",
              "20.126.164.224",
              "20.126.167.48",
              "20.126.167.70",
              "20.126.165.68",
              "20.103.92.176",
              "20.105.232.14"
            ],
            "possible_outbound_ip_addresses": "20.126.164.125,20.126.165.11,20.126.165.47,20.126.165.110,20.126.165.124,20.126.165.132,20.126.165.182,20.126.165.203,20.126.165.218,20.126.165.227,20.126.165.236,20.126.165.247,20.126.166.84,20.126.166.94,20.126.166.100,20.126.166.161,20.126.166.220,20.126.167.0,20.126.167.32,20.126.164.224,20.126.167.48,20.126.167.70,20.126.165.68,20.103.92.176,20.105.232.14",
            "resource_group_name": "MusicRG69601",
            "service_plan_id": "/subscriptions/0bc872df-d856-4810-8903-56c78fc92fb6/resourceGroups/MusicRG69601/providers/Microsoft.Web/serverfarms/music-plan-69601",
            "site_config": [
              {
                "always_on": false,
                "api_definition_url": "",
                "api_management_api_id": "",
                "app_command_line": "",
                "application_stack": [
                  {
                    "docker_image": "",
                    "docker_image_tag": "",
                    "dotnet_version": "",
                    "go_version": "",
                    "java_server": "",
                    "java_server_version": "",
                    "java_version": "",
                    "node_version": "",
                    "php_version": "",
                    "python_version": "3.9",
                    "ruby_version": ""
                  }
                ],
                "auto_heal_enabled": false,
                "auto_heal_setting": [],
                "container_registry_managed_identity_client_id": "",
                "container_registry_use_managed_identity": false,
                "cors": [],
                "default_documents": [
                  "Default.htm",
                  "Default.html",
                  "Default.asp",
                  "index.htm",
                  "index.html",
                  "iisstart.htm",
                  "default.aspx",
                  "index.php",
                  "hostingstart.html"
                ],
                "detailed_error_logging_enabled": false,
                "ftps_state": "Disabled",
                "health_check_eviction_time_in_min": 0,
                "health_check_path": "",
                "http2_enabled": false,
                "ip_restriction": [],
                "linux_fx_version": "PYTHON|3.9",
                "load_balancing_mode": "LeastRequests",
                "local_mysql_enabled": false,
                "managed_pipeline_mode": "Integrated",
                "minimum_tls_version": "1.2",
                "remote_debugging_enabled": false,
                "remote_debugging_version": "VS2019",
                "scm_ip_restriction": [],
                "scm_minimum_tls_version": "1.2",
                "scm_type": "None",
                "scm_use_main_ip_restriction": false,
                "use_32_bit_worker": true,
                "vnet_route_all_enabled": false,
                "websockets_enabled": false,
                "worker_count": 1
              }
            ],
            "site_credential": [
              {
                "name": "$music-app-69601",
                "password": "MXQQZnrt5Zsxjifzw2x30M0mA7Ygu4mRrh3fywgGx4n9kZqnmWTM4Ylqlg0G"
              }
            ],
            "sticky_settings": [],
            "storage_account": [],
            "tags": null,
            "timeouts": null,
            "virtual_network_subnet_id": "",
            "zip_deploy_file": ""
          },
          "sensitive_attributes": [],
          "private": "eyJlMmJmYjczMC1lY2FhLTExZTYtOGY4OC0zNDM2M2JjN2M0YzAiOnsiY3JlYXRlIjoxODAwMDAwMDAwMDAwLCJkZWxldGUiOjE4MDAwMDAwMDAwMDAsInJlYWQiOjMwMDAwMDAwMDAwMCwidXBkYXRlIjoxODAwMDAwMDAwMDAwfX0=",
          "dependencies": [
            "azurerm_resource_group.rg",
            "azurerm_service_plan.appserviceplan",
            "random_integer.ri"
          ]
        }
      ]
    },
    {
      "mode": "managed",
      "type": "azurerm_postgresql_database",
      "name": "postgresdb",
      "provider": "provider[\"registry.terraform.io/hashicorp/azurerm\"]",
      "instances": [
        {
          "schema_version": 1,
          "attributes": {
            "charset": "UTF8",
            "collation": "English_United States.1252",
            "id": "/subscriptions/0bc872df-d856-4810-8903-56c78fc92fb6/resourceGroups/MusicRG69601/providers/Microsoft.DBforPostgreSQL/servers/music-postgres-69601/databases/MusicDB69601",
            "name": "MusicDB69601",
            "resource_group_name": "MusicRG69601",
            "server_name": "music-postgres-69601",
            "timeouts": null
          },
          "sensitive_attributes": [],
          "private": "eyJlMmJmYjczMC1lY2FhLTExZTYtOGY4OC0zNDM2M2JjN2M0YzAiOnsiY3JlYXRlIjozNjAwMDAwMDAwMDAwLCJkZWxldGUiOjM2MDAwMDAwMDAwMDAsInJlYWQiOjMwMDAwMDAwMDAwMCwidXBkYXRlIjozNjAwMDAwMDAwMDAwfSwic2NoZW1hX3ZlcnNpb24iOiIxIn0=",
          "dependencies": [
            "azurerm_postgresql_server.postgresserver",
            "azurerm_resource_group.rg",
            "random_integer.ri"
          ]
        }
      ]
    },
    {
      "mode": "managed",
      "type": "azurerm_postgresql_firewall_rule",
      "name": "example",
      "provider": "provider[\"registry.terraform.io/hashicorp/azurerm\"]",
      "instances": [
        {
          "schema_version": 0,
          "attributes": {
            "end_ip_address": "0.0.0.0",
            "id": "/subscriptions/0bc872df-d856-4810-8903-56c78fc92fb6/resourceGroups/MusicRG69601/providers/Microsoft.DBforPostgreSQL/servers/music-postgres-69601/firewallRules/TaskBoardFirewallRule69601",
            "name": "TaskBoardFirewallRule69601",
            "resource_group_name": "MusicRG69601",
            "server_name": "music-postgres-69601",
            "start_ip_address": "0.0.0.0",
            "timeouts": null
          },
          "sensitive_attributes": [],
          "private": "eyJlMmJmYjczMC1lY2FhLTExZTYtOGY4OC0zNDM2M2JjN2M0YzAiOnsiY3JlYXRlIjoxODAwMDAwMDAwMDAwLCJkZWxldGUiOjE4MDAwMDAwMDAwMDAsInJlYWQiOjMwMDAwMDAwMDAwMCwidXBkYXRlIjoxODAwMDAwMDAwMDAwfX0=",
          "dependencies": [
            "azurerm_postgresql_server.postgresserver",
            "azurerm_resource_group.rg",
            "random_integer.ri"
          ]
        }
      ]
    },
    {
      "mode": "managed",
      "type": "azurerm_postgresql_server",
      "name": "postgresserver",
      "provider": "provider[\"registry.terraform.io/hashicorp/azurerm\"]",
      "instances": [
        {
          "schema_version": 1,
          "attributes": {
            "administrator_login": "MySecretAdmin",
            "administrator_login_password": "MySecretPassword12#",
            "auto_grow_enabled": true,
            "backup_retention_days": 7,
            "create_mode": "Default",
            "creation_source_server_id": null,
            "fqdn": "music-postgres-69601.postgres.database.azure.com",
            "geo_redundant_backup_enabled": false,
            "id": "/subscriptions/0bc872df-d856-4810-8903-56c78fc92fb6/resourceGroups/MusicRG69601/providers/Microsoft.DBforPostgreSQL/servers/music-postgres-69601",
            "identity": [],
            "infrastructure_encryption_enabled": false,
            "location": "westeurope",
            "name": "music-postgres-69601",
            "public_network_access_enabled": true,
            "resource_group_name": "MusicRG69601",
            "restore_point_in_time": null,
            "sku_name": "B_Gen5_2",
            "ssl_enforcement_enabled": true,
            "ssl_minimal_tls_version_enforced": "TLS1_2",
            "storage_mb": 5120,
            "tags": null,
            "threat_detection_policy": [],
            "timeouts": null,
            "version": "9.5"
          },
          "sensitive_attributes": [],
          "private": "eyJlMmJmYjczMC1lY2FhLTExZTYtOGY4OC0zNDM2M2JjN2M0YzAiOnsiY3JlYXRlIjozNjAwMDAwMDAwMDAwLCJkZWxldGUiOjM2MDAwMDAwMDAwMDAsInJlYWQiOjMwMDAwMDAwMDAwMCwidXBkYXRlIjozNjAwMDAwMDAwMDAwfSwic2NoZW1hX3ZlcnNpb24iOiIxIn0=",
          "dependencies": [
            "azurerm_resource_group.rg",
            "random_integer.ri"
          ]
        }
      ]
    },
    {
      "mode": "managed",
      "type": "azurerm_resource_group",
      "name": "rg",
      "provider": "provider[\"registry.terraform.io/hashicorp/azurerm\"]",
      "instances": [
        {
          "schema_version": 0,
          "attributes": {
            "id": "/subscriptions/0bc872df-d856-4810-8903-56c78fc92fb6/resourceGroups/MusicRG69601",
            "location": "westeurope",
            "name": "MusicRG69601",
            "tags": null,
            "timeouts": null
          },
          "sensitive_attributes": [],
          "private": "eyJlMmJmYjczMC1lY2FhLTExZTYtOGY4OC0zNDM2M2JjN2M0YzAiOnsiY3JlYXRlIjo1NDAwMDAwMDAwMDAwLCJkZWxldGUiOjU0MDAwMDAwMDAwMDAsInJlYWQiOjMwMDAwMDAwMDAwMCwidXBkYXRlIjo1NDAwMDAwMDAwMDAwfX0=",
          "dependencies": [
            "random_integer.ri"
          ]
        }
      ]
    },
    {
      "mode": "managed",
      "type": "azurerm_service_plan",
      "name": "appserviceplan",
      "provider": "provider[\"registry.terraform.io/hashicorp/azurerm\"]",
      "instances": [
        {
          "schema_version": 0,
          "attributes": {
            "app_service_environment_id": "",
            "id": "/subscriptions/0bc872df-d856-4810-8903-56c78fc92fb6/resourceGroups/MusicRG69601/providers/Microsoft.Web/serverfarms/music-plan-69601",
            "kind": "linux",
            "location": "westeurope",
            "maximum_elastic_worker_count": 1,
            "name": "music-plan-69601",
            "os_type": "Linux",
            "per_site_scaling_enabled": false,
            "reserved": true,
            "resource_group_name": "MusicRG69601",
            "sku_name": "F1",
            "tags": null,
            "timeouts": null,
            "worker_count": 1,
            "zone_balancing_enabled": false
          },
          "sensitive_attributes": [],
          "private": "eyJlMmJmYjczMC1lY2FhLTExZTYtOGY4OC0zNDM2M2JjN2M0YzAiOnsiY3JlYXRlIjozNjAwMDAwMDAwMDAwLCJkZWxldGUiOjM2MDAwMDAwMDAwMDAsInJlYWQiOjMwMDAwMDAwMDAwMCwidXBkYXRlIjozNjAwMDAwMDAwMDAwfX0=",
          "dependencies": [
            "azurerm_resource_group.rg",
            "random_integer.ri"
          ]
        }
      ]
    },
    {
      "mode": "managed",
      "type": "random_integer",
      "name": "ri",
      "provider": "provider[\"registry.terraform.io/hashicorp/random\"]",
      "instances": [
        {
          "schema_version": 0,
          "attributes": {
            "id": "69601",
            "keepers": null,
            "max": 99999,
            "min": 10000,
            "result": 69601,
            "seed": null
          },
          "sensitive_attributes": []
        }
      ]
    }
  ],
  "check_results": null
}
